
Microsoft Visual Studio Solution File, Format Version 12.00
# Visual Studio Version 17
VisualStudioVersion = 17.0.31903.59
MinimumVisualStudioVersion = 10.0.40219.1
Project("{2150E333-8FDC-42A3-9474-1A3956D46DE8}") = "src", "src", "{827E0CD3-B72D-47B6-A68D-7590B98EB39B}"
EndProject
Project("{2150E333-8FDC-42A3-9474-1A3956D46DE8}") = "Shared", "Shared", "{C8E42992-5E42-0C2B-DBFE-AA848D06431C}"
EndProject
Project("{FAE04EC0-301F-11D3-BF4B-00C04F79EFBC}") = "Shared.Contracts", "src\Shared\Shared.Contracts\Shared.Contracts.csproj", "{9D0B001F-5FF1-455D-9BA3-4C711891857B}"
EndProject
Project("{FAE04EC0-301F-11D3-BF4B-00C04F79EFBC}") = "Shared.BuildingBlocks", "src\Shared\Shared.BuildingBlocks\Shared.BuildingBlocks.csproj", "{2BFA0CAF-54AD-4F00-98CB-4C1221172FAD}"
EndProject
Project("{FAE04EC0-301F-11D3-BF4B-00C04F79EFBC}") = "ApiGateway", "src\ApiGateway\ApiGateway.csproj", "{CD1B5504-E573-4F72-86F0-BC67DFA19BBE}"
EndProject
Project("{FAE04EC0-301F-11D3-BF4B-00C04F79EFBC}") = "ClinicService.Domain", "src\ClinicService\ClinicService.Domain\ClinicService.Domain.csproj", "{BB70B65D-36FA-4A8A-9A00-EA3D9C1EA990}"
EndProject
Project("{FAE04EC0-301F-11D3-BF4B-00C04F79EFBC}") = "ClinicService.Application", "src\ClinicService\ClinicService.Application\ClinicService.Application.csproj", "{E527B344-78BE-46F8-B5F5-BFE7583F227B}"
EndProject
Project("{FAE04EC0-301F-11D3-BF4B-00C04F79EFBC}") = "ClinicService.Infrastructure", "src\ClinicService\ClinicService.Infrastructure\ClinicService.Infrastructure.csproj", "{885FA27D-38EF-41F8-8829-84DCC07107EA}"
EndProject
Project("{FAE04EC0-301F-11D3-BF4B-00C04F79EFBC}") = "ClinicService.API", "src\ClinicService\ClinicService.API\ClinicService.API.csproj", "{216F20F3-4E0C-4EA2-970B-BC364D18733C}"
EndProject
Project("{FAE04EC0-301F-11D3-BF4B-00C04F79EFBC}") = "BookingService.Domain", "src\BookingService\BookingService.Domain\BookingService.Domain.csproj", "{11D81A9E-A6E6-491E-911F-68AA233C38FB}"
EndProject
Project("{FAE04EC0-301F-11D3-BF4B-00C04F79EFBC}") = "BookingService.Application", "src\BookingService\BookingService.Application\BookingService.Application.csproj", "{92ADDF13-32E0-4B07-9D3E-2B876185F6F6}"
EndProject
Project("{FAE04EC0-301F-11D3-BF4B-00C04F79EFBC}") = "BookingService.Infrastructure", "src\BookingService\BookingService.Infrastructure\BookingService.Infrastructure.csproj", "{ECD39D68-3A57-4758-978B-B631A060CE05}"
EndProject
Project("{FAE04EC0-301F-11D3-BF4B-00C04F79EFBC}") = "BookingService.API", "src\BookingService\BookingService.API\BookingService.API.csproj", "{5415B728-8C7E-478E-A956-5F15D91398A7}"
EndProject
Project("{FAE04EC0-301F-11D3-BF4B-00C04F79EFBC}") = "PatientService.Domain", "src\PatientService\PatientService.Domain\PatientService.Domain.csproj", "{0A817B83-8C5A-4660-97F2-F0923C53BD88}"
EndProject
Project("{FAE04EC0-301F-11D3-BF4B-00C04F79EFBC}") = "PatientService.Application", "src\PatientService\PatientService.Application\PatientService.Application.csproj", "{388F15DE-8190-4BD8-BC00-AF675A9C0B4B}"
EndProject
Project("{FAE04EC0-301F-11D3-BF4B-00C04F79EFBC}") = "PatientService.Infrastructure", "src\PatientService\PatientService.Infrastructure\PatientService.Infrastructure.csproj", "{67ED4111-F589-47D2-B344-A6F79970860A}"
EndProject
Project("{FAE04EC0-301F-11D3-BF4B-00C04F79EFBC}") = "PatientService.API", "src\PatientService\PatientService.API\PatientService.API.csproj", "{2D6CDED6-EAE8-4BBF-816E-DBD183FE6CFE}"
EndProject
Project("{FAE04EC0-301F-11D3-BF4B-00C04F79EFBC}") = "NotificationService.Domain", "src\NotificationService\NotificationService.Domain\NotificationService.Domain.csproj", "{D5E93675-DB32-485D-A3BE-3822F08B2B9B}"
EndProject
Project("{FAE04EC0-301F-11D3-BF4B-00C04F79EFBC}") = "NotificationService.Application", "src\NotificationService\NotificationService.Application\NotificationService.Application.csproj", "{2CDD24F3-D164-4688-B4D2-1A0DAF381035}"
EndProject
Project("{FAE04EC0-301F-11D3-BF4B-00C04F79EFBC}") = "NotificationService.Infrastructure", "src\NotificationService\NotificationService.Infrastructure\NotificationService.Infrastructure.csproj", "{966B9351-D67C-4B74-85B0-B1B1A20B1A42}"
EndProject
Project("{FAE04EC0-301F-11D3-BF4B-00C04F79EFBC}") = "NotificationService.API", "src\NotificationService\NotificationService.API\NotificationService.API.csproj", "{765128CB-5337-42AD-B492-59B60C23D5E3}"
EndProject
Project("{FAE04EC0-301F-11D3-BF4B-00C04F79EFBC}") = "TelegramBotService", "src\TelegramBotService\TelegramBotService.csproj", "{6217B06F-F0B5-4F67-968F-491AB9A3DEF7}"
EndProject
Project("{FAE04EC0-301F-11D3-BF4B-00C04F79EFBC}") = "ClinicService.Tests", "tests\ClinicService.Tests\ClinicService.Tests.csproj", "{8FE7D1EB-E3D6-4B57-A5BA-25685E296A64}"
EndProject
Project("{FAE04EC0-301F-11D3-BF4B-00C04F79EFBC}") = "BookingService.Tests", "tests\BookingService.Tests\BookingService.Tests.csproj", "{AD1BD88F-615E-4F61-8F4B-DD98210071AD}"
EndProject
Project("{FAE04EC0-301F-11D3-BF4B-00C04F79EFBC}") = "PatientService.Tests", "tests\PatientService.Tests\PatientService.Tests.csproj", "{D616386C-C6EF-48CC-8C5D-BAFB185E260D}"
EndProject
Global
	GlobalSection(SolutionConfigurationPlatforms) = preSolution
		Debug|Any CPU = Debug|Any CPU
		Debug|x64 = Debug|x64
		Debug|x86 = Debug|x86
		Release|Any CPU = Release|Any CPU
		Release|x64 = Release|x64
		Release|x86 = Release|x86
	EndGlobalSection
	GlobalSection(ProjectConfigurationPlatforms) = postSolution
		{9D0B001F-5FF1-455D-9BA3-4C711891857B}.Debug|Any CPU.ActiveCfg = Debug|Any CPU
		{9D0B001F-5FF1-455D-9BA3-4C711891857B}.Debug|Any CPU.Build.0 = Debug|Any CPU
		{9D0B001F-5FF1-455D-9BA3-4C711891857B}.Debug|x64.ActiveCfg = Debug|Any CPU
		{9D0B001F-5FF1-455D-9BA3-4C711891857B}.Debug|x64.Build.0 = Debug|Any CPU
		{9D0B001F-5FF1-455D-9BA3-4C711891857B}.Debug|x86.ActiveCfg = Debug|Any CPU
		{9D0B001F-5FF1-455D-9BA3-4C711891857B}.Debug|x86.Build.0 = Debug|Any CPU
		{9D0B001F-5FF1-455D-9BA3-4C711891857B}.Release|Any CPU.ActiveCfg = Release|Any CPU
		{9D0B001F-5FF1-455D-9BA3-4C711891857B}.Release|Any CPU.Build.0 = Release|Any CPU
		{9D0B001F-5FF1-455D-9BA3-4C711891857B}.Release|x64.ActiveCfg = Release|Any CPU
		{9D0B001F-5FF1-455D-9BA3-4C711891857B}.Release|x64.Build.0 = Release|Any CPU
		{9D0B001F-5FF1-455D-9BA3-4C711891857B}.Release|x86.ActiveCfg = Release|Any CPU
		{9D0B001F-5FF1-455D-9BA3-4C711891857B}.Release|x86.Build.0 = Release|Any CPU
		{2BFA0CAF-54AD-4F00-98CB-4C1221172FAD}.Debug|Any CPU.ActiveCfg = Debug|Any CPU
		{2BFA0CAF-54AD-4F00-98CB-4C1221172FAD}.Debug|Any CPU.Build.0 = Debug|Any CPU
		{2BFA0CAF-54AD-4F00-98CB-4C1221172FAD}.Debug|x64.ActiveCfg = Debug|Any CPU
		{2BFA0CAF-54AD-4F00-98CB-4C1221172FAD}.Debug|x64.Build.0 = Debug|Any CPU
		{2BFA0CAF-54AD-4F00-98CB-4C1221172FAD}.Debug|x86.ActiveCfg = Debug|Any CPU
		{2BFA0CAF-54AD-4F00-98CB-4C1221172FAD}.Debug|x86.Build.0 = Debug|Any CPU
		{2BFA0CAF-54AD-4F00-98CB-4C1221172FAD}.Release|Any CPU.ActiveCfg = Release|Any CPU
		{2BFA0CAF-54AD-4F00-98CB-4C1221172FAD}.Release|Any CPU.Build.0 = Release|Any CPU
		{2BFA0CAF-54AD-4F00-98CB-4C1221172FAD}.Release|x64.ActiveCfg = Release|Any CPU
		{2BFA0CAF-54AD-4F00-98CB-4C1221172FAD}.Release|x64.Build.0 = Release|Any CPU
		{2BFA0CAF-54AD-4F00-98CB-4C1221172FAD}.Release|x86.ActiveCfg = Release|Any CPU
		{2BFA0CAF-54AD-4F00-98CB-4C1221172FAD}.Release|x86.Build.0 = Release|Any CPU
		{CD1B5504-E573-4F72-86F0-BC67DFA19BBE}.Debug|Any CPU.ActiveCfg = Debug|Any CPU
		{CD1B5504-E573-4F72-86F0-BC67DFA19BBE}.Debug|Any CPU.Build.0 = Debug|Any CPU
		{CD1B5504-E573-4F72-86F0-BC67DFA19BBE}.Debug|x64.ActiveCfg = Debug|Any CPU
		{CD1B5504-E573-4F72-86F0-BC67DFA19BBE}.Debug|x64.Build.0 = Debug|Any CPU
		{CD1B5504-E573-4F72-86F0-BC67DFA19BBE}.Debug|x86.ActiveCfg = Debug|Any CPU
		{CD1B5504-E573-4F72-86F0-BC67DFA19BBE}.Debug|x86.Build.0 = Debug|Any CPU
		{CD1B5504-E573-4F72-86F0-BC67DFA19BBE}.Release|Any CPU.ActiveCfg = Release|Any CPU
		{CD1B5504-E573-4F72-86F0-BC67DFA19BBE}.Release|Any CPU.Build.0 = Release|Any CPU
		{CD1B5504-E573-4F72-86F0-BC67DFA19BBE}.Release|x64.ActiveCfg = Release|Any CPU
		{CD1B5504-E573-4F72-86F0-BC67DFA19BBE}.Release|x64.Build.0 = Release|Any CPU
		{CD1B5504-E573-4F72-86F0-BC67DFA19BBE}.Release|x86.ActiveCfg = Release|Any CPU
		{CD1B5504-E573-4F72-86F0-BC67DFA19BBE}.Release|x86.Build.0 = Release|Any CPU
		{BB70B65D-36FA-4A8A-9A00-EA3D9C1EA990}.Debug|Any CPU.ActiveCfg = Debug|Any CPU
		{BB70B65D-36FA-4A8A-9A00-EA3D9C1EA990}.Debug|Any CPU.Build.0 = Debug|Any CPU
		{BB70B65D-36FA-4A8A-9A00-EA3D9C1EA990}.Debug|x64.ActiveCfg = Debug|Any CPU
		{BB70B65D-36FA-4A8A-9A00-EA3D9C1EA990}.Debug|x64.Build.0 = Debug|Any CPU
		{BB70B65D-36FA-4A8A-9A00-EA3D9C1EA990}.Debug|x86.ActiveCfg = Debug|Any CPU
		{BB70B65D-36FA-4A8A-9A00-EA3D9C1EA990}.Debug|x86.Build.0 = Debug|Any CPU
		{BB70B65D-36FA-4A8A-9A00-EA3D9C1EA990}.Release|Any CPU.ActiveCfg = Release|Any CPU
		{BB70B65D-36FA-4A8A-9A00-EA3D9C1EA990}.Release|Any CPU.Build.0 = Release|Any CPU
		{BB70B65D-36FA-4A8A-9A00-EA3D9C1EA990}.Release|x64.ActiveCfg = Release|Any CPU
		{BB70B65D-36FA-4A8A-9A00-EA3D9C1EA990}.Release|x64.Build.0 = Release|Any CPU
		{BB70B65D-36FA-4A8A-9A00-EA3D9C1EA990}.Release|x86.ActiveCfg = Release|Any CPU
		{BB70B65D-36FA-4A8A-9A00-EA3D9C1EA990}.Release|x86.Build.0 = Release|Any CPU
		{E527B344-78BE-46F8-B5F5-BFE7583F227B}.Debug|Any CPU.ActiveCfg = Debug|Any CPU
		{E527B344-78BE-46F8-B5F5-BFE7583F227B}.Debug|Any CPU.Build.0 = Debug|Any CPU
		{E527B344-78BE-46F8-B5F5-BFE7583F227B}.Debug|x64.ActiveCfg = Debug|Any CPU
		{E527B344-78BE-46F8-B5F5-BFE7583F227B}.Debug|x64.Build.0 = Debug|Any CPU
		{E527B344-78BE-46F8-B5F5-BFE7583F227B}.Debug|x86.ActiveCfg = Debug|Any CPU
		{E527B344-78BE-46F8-B5F5-BFE7583F227B}.Debug|x86.Build.0 = Debug|Any CPU
		{E527B344-78BE-46F8-B5F5-BFE7583F227B}.Release|Any CPU.ActiveCfg = Release|Any CPU
		{E527B344-78BE-46F8-B5F5-BFE7583F227B}.Release|Any CPU.Build.0 = Release|Any CPU
		{E527B344-78BE-46F8-B5F5-BFE7583F227B}.Release|x64.ActiveCfg = Release|Any CPU
		{E527B344-78BE-46F8-B5F5-BFE7583F227B}.Release|x64.Build.0 = Release|Any CPU
		{E527B344-78BE-46F8-B5F5-BFE7583F227B}.Release|x86.ActiveCfg = Release|Any CPU
		{E527B344-78BE-46F8-B5F5-BFE7583F227B}.Release|x86.Build.0 = Release|Any CPU
		{885FA27D-38EF-41F8-8829-84DCC07107EA}.Debug|Any CPU.ActiveCfg = Debug|Any CPU
		{885FA27D-38EF-41F8-8829-84DCC07107EA}.Debug|Any CPU.Build.0 = Debug|Any CPU
		{885FA27D-38EF-41F8-8829-84DCC07107EA}.Debug|x64.ActiveCfg = Debug|Any CPU
		{885FA27D-38EF-41F8-8829-84DCC07107EA}.Debug|x64.Build.0 = Debug|Any CPU
		{885FA27D-38EF-41F8-8829-84DCC07107EA}.Debug|x86.ActiveCfg = Debug|Any CPU
		{885FA27D-38EF-41F8-8829-84DCC07107EA}.Debug|x86.Build.0 = Debug|Any CPU
		{885FA27D-38EF-41F8-8829-84DCC07107EA}.Release|Any CPU.ActiveCfg = Release|Any CPU
		{885FA27D-38EF-41F8-8829-84DCC07107EA}.Release|Any CPU.Build.0 = Release|Any CPU
		{885FA27D-38EF-41F8-8829-84DCC07107EA}.Release|x64.ActiveCfg = Release|Any CPU
		{885FA27D-38EF-41F8-8829-84DCC07107EA}.Release|x64.Build.0 = Release|Any CPU
		{885FA27D-38EF-41F8-8829-84DCC07107EA}.Release|x86.ActiveCfg = Release|Any CPU
		{885FA27D-38EF-41F8-8829-84DCC07107EA}.Release|x86.Build.0 = Release|Any CPU
		{216F20F3-4E0C-4EA2-970B-BC364D18733C}.Debug|Any CPU.ActiveCfg = Debug|Any CPU
		{216F20F3-4E0C-4EA2-970B-BC364D18733C}.Debug|Any CPU.Build.0 = Debug|Any CPU
		{216F20F3-4E0C-4EA2-970B-BC364D18733C}.Debug|x64.ActiveCfg = Debug|Any CPU
		{216F20F3-4E0C-4EA2-970B-BC364D18733C}.Debug|x64.Build.0 = Debug|Any CPU
		{216F20F3-4E0C-4EA2-970B-BC364D18733C}.Debug|x86.ActiveCfg = Debug|Any CPU
		{216F20F3-4E0C-4EA2-970B-BC364D18733C}.Debug|x86.Build.0 = Debug|Any CPU
		{216F20F3-4E0C-4EA2-970B-BC364D18733C}.Release|Any CPU.ActiveCfg = Release|Any CPU
		{216F20F3-4E0C-4EA2-970B-BC364D18733C}.Release|Any CPU.Build.0 = Release|Any CPU
		{216F20F3-4E0C-4EA2-970B-BC364D18733C}.Release|x64.ActiveCfg = Release|Any CPU
		{216F20F3-4E0C-4EA2-970B-BC364D18733C}.Release|x64.Build.0 = Release|Any CPU
		{216F20F3-4E0C-4EA2-970B-BC364D18733C}.Release|x86.ActiveCfg = Release|Any CPU
		{216F20F3-4E0C-4EA2-970B-BC364D18733C}.Release|x86.Build.0 = Release|Any CPU
		{11D81A9E-A6E6-491E-911F-68AA233C38FB}.Debug|Any CPU.ActiveCfg = Debug|Any CPU
		{11D81A9E-A6E6-491E-911F-68AA233C38FB}.Debug|Any CPU.Build.0 = Debug|Any CPU
		{11D81A9E-A6E6-491E-911F-68AA233C38FB}.Debug|x64.ActiveCfg = Debug|Any CPU
		{11D81A9E-A6E6-491E-911F-68AA233C38FB}.Debug|x64.Build.0 = Debug|Any CPU
		{11D81A9E-A6E6-491E-911F-68AA233C38FB}.Debug|x86.ActiveCfg = Debug|Any CPU
		{11D81A9E-A6E6-491E-911F-68AA233C38FB}.Debug|x86.Build.0 = Debug|Any CPU
		{11D81A9E-A6E6-491E-911F-68AA233C38FB}.Release|Any CPU.ActiveCfg = Release|Any CPU
		{11D81A9E-A6E6-491E-911F-68AA233C38FB}.Release|Any CPU.Build.0 = Release|Any CPU
		{11D81A9E-A6E6-491E-911F-68AA233C38FB}.Release|x64.ActiveCfg = Release|Any CPU
		{11D81A9E-A6E6-491E-911F-68AA233C38FB}.Release|x64.Build.0 = Release|Any CPU
		{11D81A9E-A6E6-491E-911F-68AA233C38FB}.Release|x86.ActiveCfg = Release|Any CPU
		{11D81A9E-A6E6-491E-911F-68AA233C38FB}.Release|x86.Build.0 = Release|Any CPU
		{92ADDF13-32E0-4B07-9D3E-2B876185F6F6}.Debug|Any CPU.ActiveCfg = Debug|Any CPU
		{92ADDF13-32E0-4B07-9D3E-2B876185F6F6}.Debug|Any CPU.Build.0 = Debug|Any CPU
		{92ADDF13-32E0-4B07-9D3E-2B876185F6F6}.Debug|x64.ActiveCfg = Debug|Any CPU
		{92ADDF13-32E0-4B07-9D3E-2B876185F6F6}.Debug|x64.Build.0 = Debug|Any CPU
		{92ADDF13-32E0-4B07-9D3E-2B876185F6F6}.Debug|x86.ActiveCfg = Debug|Any CPU
		{92ADDF13-32E0-4B07-9D3E-2B876185F6F6}.Debug|x86.Build.0 = Debug|Any CPU
		{92ADDF13-32E0-4B07-9D3E-2B876185F6F6}.Release|Any CPU.ActiveCfg = Release|Any CPU
		{92ADDF13-32E0-4B07-9D3E-2B876185F6F6}.Release|Any CPU.Build.0 = Release|Any CPU
		{92ADDF13-32E0-4B07-9D3E-2B876185F6F6}.Release|x64.ActiveCfg = Release|Any CPU
		{92ADDF13-32E0-4B07-9D3E-2B876185F6F6}.Release|x64.Build.0 = Release|Any CPU
		{92ADDF13-32E0-4B07-9D3E-2B876185F6F6}.Release|x86.ActiveCfg = Release|Any CPU
		{92ADDF13-32E0-4B07-9D3E-2B876185F6F6}.Release|x86.Build.0 = Release|Any CPU
		{ECD39D68-3A57-4758-978B-B631A060CE05}.Debug|Any CPU.ActiveCfg = Debug|Any CPU
		{ECD39D68-3A57-4758-978B-B631A060CE05}.Debug|Any CPU.Build.0 = Debug|Any CPU
		{ECD39D68-3A57-4758-978B-B631A060CE05}.Debug|x64.ActiveCfg = Debug|Any CPU
		{ECD39D68-3A57-4758-978B-B631A060CE05}.Debug|x64.Build.0 = Debug|Any CPU
		{ECD39D68-3A57-4758-978B-B631A060CE05}.Debug|x86.ActiveCfg = Debug|Any CPU
		{ECD39D68-3A57-4758-978B-B631A060CE05}.Debug|x86.Build.0 = Debug|Any CPU
		{ECD39D68-3A57-4758-978B-B631A060CE05}.Release|Any CPU.ActiveCfg = Release|Any CPU
		{ECD39D68-3A57-4758-978B-B631A060CE05}.Release|Any CPU.Build.0 = Release|Any CPU
		{ECD39D68-3A57-4758-978B-B631A060CE05}.Release|x64.ActiveCfg = Release|Any CPU
		{ECD39D68-3A57-4758-978B-B631A060CE05}.Release|x64.Build.0 = Release|Any CPU
		{ECD39D68-3A57-4758-978B-B631A060CE05}.Release|x86.ActiveCfg = Release|Any CPU
		{ECD39D68-3A57-4758-978B-B631A060CE05}.Release|x86.Build.0 = Release|Any CPU
		{5415B728-8C7E-478E-A956-5F15D91398A7}.Debug|Any CPU.ActiveCfg = Debug|Any CPU
		{5415B728-8C7E-478E-A956-5F15D91398A7}.Debug|Any CPU.Build.0 = Debug|Any CPU
		{5415B728-8C7E-478E-A956-5F15D91398A7}.Debug|x64.ActiveCfg = Debug|Any CPU
		{5415B728-8C7E-478E-A956-5F15D91398A7}.Debug|x64.Build.0 = Debug|Any CPU
		{5415B728-8C7E-478E-A956-5F15D91398A7}.Debug|x86.ActiveCfg = Debug|Any CPU
		{5415B728-8C7E-478E-A956-5F15D91398A7}.Debug|x86.Build.0 = Debug|Any CPU
		{5415B728-8C7E-478E-A956-5F15D91398A7}.Release|Any CPU.ActiveCfg = Release|Any CPU
		{5415B728-8C7E-478E-A956-5F15D91398A7}.Release|Any CPU.Build.0 = Release|Any CPU
		{5415B728-8C7E-478E-A956-5F15D91398A7}.Release|x64.ActiveCfg = Release|Any CPU
		{5415B728-8C7E-478E-A956-5F15D91398A7}.Release|x64.Build.0 = Release|Any CPU
		{5415B728-8C7E-478E-A956-5F15D91398A7}.Release|x86.ActiveCfg = Release|Any CPU
		{5415B728-8C7E-478E-A956-5F15D91398A7}.Release|x86.Build.0 = Release|Any CPU
		{0A817B83-8C5A-4660-97F2-F0923C53BD88}.Debug|Any CPU.ActiveCfg = Debug|Any CPU
		{0A817B83-8C5A-4660-97F2-F0923C53BD88}.Debug|Any CPU.Build.0 = Debug|Any CPU
		{0A817B83-8C5A-4660-97F2-F0923C53BD88}.Debug|x64.ActiveCfg = Debug|Any CPU
		{0A817B83-8C5A-4660-97F2-F0923C53BD88}.Debug|x64.Build.0 = Debug|Any CPU
		{0A817B83-8C5A-4660-97F2-F0923C53BD88}.Debug|x86.ActiveCfg = Debug|Any CPU
		{0A817B83-8C5A-4660-97F2-F0923C53BD88}.Debug|x86.Build.0 = Debug|Any CPU
		{0A817B83-8C5A-4660-97F2-F0923C53BD88}.Release|Any CPU.ActiveCfg = Release|Any CPU
		{0A817B83-8C5A-4660-97F2-F0923C53BD88}.Release|Any CPU.Build.0 = Release|Any CPU
		{0A817B83-8C5A-4660-97F2-F0923C53BD88}.Release|x64.ActiveCfg = Release|Any CPU
		{0A817B83-8C5A-4660-97F2-F0923C53BD88}.Release|x64.Build.0 = Release|Any CPU
		{0A817B83-8C5A-4660-97F2-F0923C53BD88}.Release|x86.ActiveCfg = Release|Any CPU
		{0A817B83-8C5A-4660-97F2-F0923C53BD88}.Release|x86.Build.0 = Release|Any CPU
		{388F15DE-8190-4BD8-BC00-AF675A9C0B4B}.Debug|Any CPU.ActiveCfg = Debug|Any CPU
		{388F15DE-8190-4BD8-BC00-AF675A9C0B4B}.Debug|Any CPU.Build.0 = Debug|Any CPU
		{388F15DE-8190-4BD8-BC00-AF675A9C0B4B}.Debug|x64.ActiveCfg = Debug|Any CPU
		{388F15DE-8190-4BD8-BC00-AF675A9C0B4B}.Debug|x64.Build.0 = Debug|Any CPU
		{388F15DE-8190-4BD8-BC00-AF675A9C0B4B}.Debug|x86.ActiveCfg = Debug|Any CPU
		{388F15DE-8190-4BD8-BC00-AF675A9C0B4B}.Debug|x86.Build.0 = Debug|Any CPU
		{388F15DE-8190-4BD8-BC00-AF675A9C0B4B}.Release|Any CPU.ActiveCfg = Release|Any CPU
		{388F15DE-8190-4BD8-BC00-AF675A9C0B4B}.Release|Any CPU.Build.0 = Release|Any CPU
		{388F15DE-8190-4BD8-BC00-AF675A9C0B4B}.Release|x64.ActiveCfg = Release|Any CPU
		{388F15DE-8190-4BD8-BC00-AF675A9C0B4B}.Release|x64.Build.0 = Release|Any CPU
		{388F15DE-8190-4BD8-BC00-AF675A9C0B4B}.Release|x86.ActiveCfg = Release|Any CPU
		{388F15DE-8190-4BD8-BC00-AF675A9C0B4B}.Release|x86.Build.0 = Release|Any CPU
		{67ED4111-F589-47D2-B344-A6F79970860A}.Debug|Any CPU.ActiveCfg = Debug|Any CPU
		{67ED4111-F589-47D2-B344-A6F79970860A}.Debug|Any CPU.Build.0 = Debug|Any CPU
		{67ED4111-F589-47D2-B344-A6F79970860A}.Debug|x64.ActiveCfg = Debug|Any CPU
		{67ED4111-F589-47D2-B344-A6F79970860A}.Debug|x64.Build.0 = Debug|Any CPU
		{67ED4111-F589-47D2-B344-A6F79970860A}.Debug|x86.ActiveCfg = Debug|Any CPU
		{67ED4111-F589-47D2-B344-A6F79970860A}.Debug|x86.Build.0 = Debug|Any CPU
		{67ED4111-F589-47D2-B344-A6F79970860A}.Release|Any CPU.ActiveCfg = Release|Any CPU
		{67ED4111-F589-47D2-B344-A6F79970860A}.Release|Any CPU.Build.0 = Release|Any CPU
		{67ED4111-F589-47D2-B344-A6F79970860A}.Release|x64.ActiveCfg = Release|Any CPU
		{67ED4111-F589-47D2-B344-A6F79970860A}.Release|x64.Build.0 = Release|Any CPU
		{67ED4111-F589-47D2-B344-A6F79970860A}.Release|x86.ActiveCfg = Release|Any CPU
		{67ED4111-F589-47D2-B344-A6F79970860A}.Release|x86.Build.0 = Release|Any CPU
		{2D6CDED6-EAE8-4BBF-816E-DBD183FE6CFE}.Debug|Any CPU.ActiveCfg = Debug|Any CPU
		{2D6CDED6-EAE8-4BBF-816E-DBD183FE6CFE}.Debug|Any CPU.Build.0 = Debug|Any CPU
		{2D6CDED6-EAE8-4BBF-816E-DBD183FE6CFE}.Debug|x64.ActiveCfg = Debug|Any CPU
		{2D6CDED6-EAE8-4BBF-816E-DBD183FE6CFE}.Debug|x64.Build.0 = Debug|Any CPU
		{2D6CDED6-EAE8-4BBF-816E-DBD183FE6CFE}.Debug|x86.ActiveCfg = Debug|Any CPU
		{2D6CDED6-EAE8-4BBF-816E-DBD183FE6CFE}.Debug|x86.Build.0 = Debug|Any CPU
		{2D6CDED6-EAE8-4BBF-816E-DBD183FE6CFE}.Release|Any CPU.ActiveCfg = Release|Any CPU
		{2D6CDED6-EAE8-4BBF-816E-DBD183FE6CFE}.Release|Any CPU.Build.0 = Release|Any CPU
		{2D6CDED6-EAE8-4BBF-816E-DBD183FE6CFE}.Release|x64.ActiveCfg = Release|Any CPU
		{2D6CDED6-EAE8-4BBF-816E-DBD183FE6CFE}.Release|x64.Build.0 = Release|Any CPU
		{2D6CDED6-EAE8-4BBF-816E-DBD183FE6CFE}.Release|x86.ActiveCfg = Release|Any CPU
		{2D6CDED6-EAE8-4BBF-816E-DBD183FE6CFE}.Release|x86.Build.0 = Release|Any CPU
		{D5E93675-DB32-485D-A3BE-3822F08B2B9B}.Debug|Any CPU.ActiveCfg = Debug|Any CPU
		{D5E93675-DB32-485D-A3BE-3822F08B2B9B}.Debug|Any CPU.Build.0 = Debug|Any CPU
		{D5E93675-DB32-485D-A3BE-3822F08B2B9B}.Debug|x64.ActiveCfg = Debug|Any CPU
		{D5E93675-DB32-485D-A3BE-3822F08B2B9B}.Debug|x64.Build.0 = Debug|Any CPU
		{D5E93675-DB32-485D-A3BE-3822F08B2B9B}.Debug|x86.ActiveCfg = Debug|Any CPU
		{D5E93675-DB32-485D-A3BE-3822F08B2B9B}.Debug|x86.Build.0 = Debug|Any CPU
		{D5E93675-DB32-485D-A3BE-3822F08B2B9B}.Release|Any CPU.ActiveCfg = Release|Any CPU
		{D5E93675-DB32-485D-A3BE-3822F08B2B9B}.Release|Any CPU.Build.0 = Release|Any CPU
		{D5E93675-DB32-485D-A3BE-3822F08B2B9B}.Release|x64.ActiveCfg = Release|Any CPU
		{D5E93675-DB32-485D-A3BE-3822F08B2B9B}.Release|x64.Build.0 = Release|Any CPU
		{D5E93675-DB32-485D-A3BE-3822F08B2B9B}.Release|x86.ActiveCfg = Release|Any CPU
		{D5E93675-DB32-485D-A3BE-3822F08B2B9B}.Release|x86.Build.0 = Release|Any CPU
		{2CDD24F3-D164-4688-B4D2-1A0DAF381035}.Debug|Any CPU.ActiveCfg = Debug|Any CPU
		{2CDD24F3-D164-4688-B4D2-1A0DAF381035}.Debug|Any CPU.Build.0 = Debug|Any CPU
		{2CDD24F3-D164-4688-B4D2-1A0DAF381035}.Debug|x64.ActiveCfg = Debug|Any CPU
		{2CDD24F3-D164-4688-B4D2-1A0DAF381035}.Debug|x64.Build.0 = Debug|Any CPU
		{2CDD24F3-D164-4688-B4D2-1A0DAF381035}.Debug|x86.ActiveCfg = Debug|Any CPU
		{2CDD24F3-D164-4688-B4D2-1A0DAF381035}.Debug|x86.Build.0 = Debug|Any CPU
		{2CDD24F3-D164-4688-B4D2-1A0DAF381035}.Release|Any CPU.ActiveCfg = Release|Any CPU
		{2CDD24F3-D164-4688-B4D2-1A0DAF381035}.Release|Any CPU.Build.0 = Release|Any CPU
		{2CDD24F3-D164-4688-B4D2-1A0DAF381035}.Release|x64.ActiveCfg = Release|Any CPU
		{2CDD24F3-D164-4688-B4D2-1A0DAF381035}.Release|x64.Build.0 = Release|Any CPU
		{2CDD24F3-D164-4688-B4D2-1A0DAF381035}.Release|x86.ActiveCfg = Release|Any CPU
		{2CDD24F3-D164-4688-B4D2-1A0DAF381035}.Release|x86.Build.0 = Release|Any CPU
		{966B9351-D67C-4B74-85B0-B1B1A20B1A42}.Debug|Any CPU.ActiveCfg = Debug|Any CPU
		{966B9351-D67C-4B74-85B0-B1B1A20B1A42}.Debug|Any CPU.Build.0 = Debug|Any CPU
		{966B9351-D67C-4B74-85B0-B1B1A20B1A42}.Debug|x64.ActiveCfg = Debug|Any CPU
		{966B9351-D67C-4B74-85B0-B1B1A20B1A42}.Debug|x64.Build.0 = Debug|Any CPU
		{966B9351-D67C-4B74-85B0-B1B1A20B1A42}.Debug|x86.ActiveCfg = Debug|Any CPU
		{966B9351-D67C-4B74-85B0-B1B1A20B1A42}.Debug|x86.Build.0 = Debug|Any CPU
		{966B9351-D67C-4B74-85B0-B1B1A20B1A42}.Release|Any CPU.ActiveCfg = Release|Any CPU
		{966B9351-D67C-4B74-85B0-B1B1A20B1A42}.Release|Any CPU.Build.0 = Release|Any CPU
		{966B9351-D67C-4B74-85B0-B1B1A20B1A42}.Release|x64.ActiveCfg = Release|Any CPU
		{966B9351-D67C-4B74-85B0-B1B1A20B1A42}.Release|x64.Build.0 = Release|Any CPU
		{966B9351-D67C-4B74-85B0-B1B1A20B1A42}.Release|x86.ActiveCfg = Release|Any CPU
		{966B9351-D67C-4B74-85B0-B1B1A20B1A42}.Release|x86.Build.0 = Release|Any CPU
		{765128CB-5337-42AD-B492-59B60C23D5E3}.Debug|Any CPU.ActiveCfg = Debug|Any CPU
		{765128CB-5337-42AD-B492-59B60C23D5E3}.Debug|Any CPU.Build.0 = Debug|Any CPU
		{765128CB-5337-42AD-B492-59B60C23D5E3}.Debug|x64.ActiveCfg = Debug|Any CPU
		{765128CB-5337-42AD-B492-59B60C23D5E3}.Debug|x64.Build.0 = Debug|Any CPU
		{765128CB-5337-42AD-B492-59B60C23D5E3}.Debug|x86.ActiveCfg = Debug|Any CPU
		{765128CB-5337-42AD-B492-59B60C23D5E3}.Debug|x86.Build.0 = Debug|Any CPU
		{765128CB-5337-42AD-B492-59B60C23D5E3}.Release|Any CPU.ActiveCfg = Release|Any CPU
		{765128CB-5337-42AD-B492-59B60C23D5E3}.Release|Any CPU.Build.0 = Release|Any CPU
		{765128CB-5337-42AD-B492-59B60C23D5E3}.Release|x64.ActiveCfg = Release|Any CPU
		{765128CB-5337-42AD-B492-59B60C23D5E3}.Release|x64.Build.0 = Release|Any CPU
		{765128CB-5337-42AD-B492-59B60C23D5E3}.Release|x86.ActiveCfg = Release|Any CPU
		{765128CB-5337-42AD-B492-59B60C23D5E3}.Release|x86.Build.0 = Release|Any CPU
		{6217B06F-F0B5-4F67-968F-491AB9A3DEF7}.Debug|Any CPU.ActiveCfg = Debug|Any CPU
		{6217B06F-F0B5-4F67-968F-491AB9A3DEF7}.Debug|Any CPU.Build.0 = Debug|Any CPU
		{6217B06F-F0B5-4F67-968F-491AB9A3DEF7}.Debug|x64.ActiveCfg = Debug|Any CPU
		{6217B06F-F0B5-4F67-968F-491AB9A3DEF7}.Debug|x64.Build.0 = Debug|Any CPU
		{6217B06F-F0B5-4F67-968F-491AB9A3DEF7}.Debug|x86.ActiveCfg = Debug|Any CPU
		{6217B06F-F0B5-4F67-968F-491AB9A3DEF7}.Debug|x86.Build.0 = Debug|Any CPU
		{6217B06F-F0B5-4F67-968F-491AB9A3DEF7}.Release|Any CPU.ActiveCfg = Release|Any CPU
		{6217B06F-F0B5-4F67-968F-491AB9A3DEF7}.Release|Any CPU.Build.0 = Release|Any CPU
		{6217B06F-F0B5-4F67-968F-491AB9A3DEF7}.Release|x64.ActiveCfg = Release|Any CPU
		{6217B06F-F0B5-4F67-968F-491AB9A3DEF7}.Release|x64.Build.0 = Release|Any CPU
		{6217B06F-F0B5-4F67-968F-491AB9A3DEF7}.Release|x86.ActiveCfg = Release|Any CPU
		{6217B06F-F0B5-4F67-968F-491AB9A3DEF7}.Release|x86.Build.0 = Release|Any CPU
		{8FE7D1EB-E3D6-4B57-A5BA-25685E296A64}.Debug|Any CPU.ActiveCfg = Debug|Any CPU
		{8FE7D1EB-E3D6-4B57-A5BA-25685E296A64}.Debug|Any CPU.Build.0 = Debug|Any CPU
		{8FE7D1EB-E3D6-4B57-A5BA-25685E296A64}.Debug|x64.ActiveCfg = Debug|Any CPU
		{8FE7D1EB-E3D6-4B57-A5BA-25685E296A64}.Debug|x64.Build.0 = Debug|Any CPU
		{8FE7D1EB-E3D6-4B57-A5BA-25685E296A64}.Debug|x86.ActiveCfg = Debug|Any CPU
		{8FE7D1EB-E3D6-4B57-A5BA-25685E296A64}.Debug|x86.Build.0 = Debug|Any CPU
		{8FE7D1EB-E3D6-4B57-A5BA-25685E296A64}.Release|Any CPU.ActiveCfg = Release|Any CPU
		{8FE7D1EB-E3D6-4B57-A5BA-25685E296A64}.Release|Any CPU.Build.0 = Release|Any CPU
		{8FE7D1EB-E3D6-4B57-A5BA-25685E296A64}.Release|x64.ActiveCfg = Release|Any CPU
		{8FE7D1EB-E3D6-4B57-A5BA-25685E296A64}.Release|x64.Build.0 = Release|Any CPU
		{8FE7D1EB-E3D6-4B57-A5BA-25685E296A64}.Release|x86.ActiveCfg = Release|Any CPU
		{8FE7D1EB-E3D6-4B57-A5BA-25685E296A64}.Release|x86.Build.0 = Release|Any CPU
		{AD1BD88F-615E-4F61-8F4B-DD98210071AD}.Debug|Any CPU.ActiveCfg = Debug|Any CPU
		{AD1BD88F-615E-4F61-8F4B-DD98210071AD}.Debug|Any CPU.Build.0 = Debug|Any CPU
		{AD1BD88F-615E-4F61-8F4B-DD98210071AD}.Debug|x64.ActiveCfg = Debug|Any CPU
		{AD1BD88F-615E-4F61-8F4B-DD98210071AD}.Debug|x64.Build.0 = Debug|Any CPU
		{AD1BD88F-615E-4F61-8F4B-DD98210071AD}.Debug|x86.ActiveCfg = Debug|Any CPU
		{AD1BD88F-615E-4F61-8F4B-DD98210071AD}.Debug|x86.Build.0 = Debug|Any CPU
		{AD1BD88F-615E-4F61-8F4B-DD98210071AD}.Release|Any CPU.ActiveCfg = Release|Any CPU
		{AD1BD88F-615E-4F61-8F4B-DD98210071AD}.Release|Any CPU.Build.0 = Release|Any CPU
		{AD1BD88F-615E-4F61-8F4B-DD98210071AD}.Release|x64.ActiveCfg = Release|Any CPU
		{AD1BD88F-615E-4F61-8F4B-DD98210071AD}.Release|x64.Build.0 = Release|Any CPU
		{AD1BD88F-615E-4F61-8F4B-DD98210071AD}.Release|x86.ActiveCfg = Release|Any CPU
		{AD1BD88F-615E-4F61-8F4B-DD98210071AD}.Release|x86.Build.0 = Release|Any CPU
		{D616386C-C6EF-48CC-8C5D-BAFB185E260D}.Debug|Any CPU.ActiveCfg = Debug|Any CPU
		{D616386C-C6EF-48CC-8C5D-BAFB185E260D}.Debug|Any CPU.Build.0 = Debug|Any CPU
		{D616386C-C6EF-48CC-8C5D-BAFB185E260D}.Debug|x64.ActiveCfg = Debug|Any CPU
		{D616386C-C6EF-48CC-8C5D-BAFB185E260D}.Debug|x64.Build.0 = Debug|Any CPU
		{D616386C-C6EF-48CC-8C5D-BAFB185E260D}.Debug|x86.ActiveCfg = Debug|Any CPU
		{D616386C-C6EF-48CC-8C5D-BAFB185E260D}.Debug|x86.Build.0 = Debug|Any CPU
		{D616386C-C6EF-48CC-8C5D-BAFB185E260D}.Release|Any CPU.ActiveCfg = Release|Any CPU
		{D616386C-C6EF-48CC-8C5D-BAFB185E260D}.Release|Any CPU.Build.0 = Release|Any CPU
		{D616386C-C6EF-48CC-8C5D-BAFB185E260D}.Release|x64.ActiveCfg = Release|Any CPU
		{D616386C-C6EF-48CC-8C5D-BAFB185E260D}.Release|x64.Build.0 = Release|Any CPU
		{D616386C-C6EF-48CC-8C5D-BAFB185E260D}.Release|x86.ActiveCfg = Release|Any CPU
		{D616386C-C6EF-48CC-8C5D-BAFB185E260D}.Release|x86.Build.0 = Release|Any CPU
	EndGlobalSection
	GlobalSection(SolutionProperties) = preSolution
		HideSolutionNode = FALSE
	EndGlobalSection
	GlobalSection(NestedProjects) = preSolution
		{C8E42992-5E42-0C2B-DBFE-AA848D06431C} = {827E0CD3-B72D-47B6-A68D-7590B98EB39B}
		{9D0B001F-5FF1-455D-9BA3-4C711891857B} = {C8E42992-5E42-0C2B-DBFE-AA848D06431C}
		{2BFA0CAF-54AD-4F00-98CB-4C1221172FAD} = {C8E42992-5E42-0C2B-DBFE-AA848D06431C}
		{CD1B5504-E573-4F72-86F0-BC67DFA19BBE} = {C8E42992-5E42-0C2B-DBFE-AA848D06431C}
		{BB70B65D-36FA-4A8A-9A00-EA3D9C1EA990} = {C8E42992-5E42-0C2B-DBFE-AA848D06431C}
		{E527B344-78BE-46F8-B5F5-BFE7583F227B} = {C8E42992-5E42-0C2B-DBFE-AA848D06431C}
		{885FA27D-38EF-41F8-8829-84DCC07107EA} = {C8E42992-5E42-0C2B-DBFE-AA848D06431C}
		{216F20F3-4E0C-4EA2-970B-BC364D18733C} = {C8E42992-5E42-0C2B-DBFE-AA848D06431C}
		{11D81A9E-A6E6-491E-911F-68AA233C38FB} = {C8E42992-5E42-0C2B-DBFE-AA848D06431C}
		{92ADDF13-32E0-4B07-9D3E-2B876185F6F6} = {C8E42992-5E42-0C2B-DBFE-AA848D06431C}
		{ECD39D68-3A57-4758-978B-B631A060CE05} = {C8E42992-5E42-0C2B-DBFE-AA848D06431C}
		{5415B728-8C7E-478E-A956-5F15D91398A7} = {C8E42992-5E42-0C2B-DBFE-AA848D06431C}
		{0A817B83-8C5A-4660-97F2-F0923C53BD88} = {C8E42992-5E42-0C2B-DBFE-AA848D06431C}
		{388F15DE-8190-4BD8-BC00-AF675A9C0B4B} = {C8E42992-5E42-0C2B-DBFE-AA848D06431C}
		{67ED4111-F589-47D2-B344-A6F79970860A} = {C8E42992-5E42-0C2B-DBFE-AA848D06431C}
		{2D6CDED6-EAE8-4BBF-816E-DBD183FE6CFE} = {C8E42992-5E42-0C2B-DBFE-AA848D06431C}
		{D5E93675-DB32-485D-A3BE-3822F08B2B9B} = {C8E42992-5E42-0C2B-DBFE-AA848D06431C}
		{2CDD24F3-D164-4688-B4D2-1A0DAF381035} = {C8E42992-5E42-0C2B-DBFE-AA848D06431C}
		{966B9351-D67C-4B74-85B0-B1B1A20B1A42} = {C8E42992-5E42-0C2B-DBFE-AA848D06431C}
		{765128CB-5337-42AD-B492-59B60C23D5E3} = {C8E42992-5E42-0C2B-DBFE-AA848D06431C}
		{6217B06F-F0B5-4F67-968F-491AB9A3DEF7} = {C8E42992-5E42-0C2B-DBFE-AA848D06431C}
		{8FE7D1EB-E3D6-4B57-A5BA-25685E296A64} = {C8E42992-5E42-0C2B-DBFE-AA848D06431C}
		{AD1BD88F-615E-4F61-8F4B-DD98210071AD} = {C8E42992-5E42-0C2B-DBFE-AA848D06431C}
		{D616386C-C6EF-48CC-8C5D-BAFB185E260D} = {C8E42992-5E42-0C2B-DBFE-AA848D06431C}
	EndGlobalSection
EndGlobal
